<?xml version="1.0" encoding="utf-8"?>
<Project ToolsVersion="4.0" xmlns="http://schemas.microsoft.com/developer/msbuild/2003">
  <ItemGroup>
    <Filter Include="Source Files">
      <UniqueIdentifier>{4FC737F1-C7A5-4376-A066-2A32D752A2FF}</UniqueIdentifier>
      <Extensions>cpp;c;cc;cxx;def;odl;idl;hpj;bat;asm;asmx</Extensions>
    </Filter>
  </ItemGroup>
  <ItemGroup>
    <MASM Include="8.10.2.asm">
      <Filter>Source Files</Filter>
    </MASM>
    <MASM Include="FindLargestProcedure.asm">
      <Filter>Source Files</Filter>
    </MASM>
    <MASM Include="ChessBoard.asm">
      <Filter>Source Files</Filter>
    </MASM>
    <MASM Include="ChessBoardWithAlternatingColors.asm">
      <Filter>Source Files</Filter>
    </MASM>
    <MASM Include="PrintChessBoardLib.asm">
      <Filter>Source Files</Filter>
    </MASM>
    <MASM Include="FindThrees.asm">
      <Filter>Source Files</Filter>
    </MASM>
  </ItemGroup>
</Project>